// !$*UTF8*$!
{
	archiveVersion = 1;
	classes = {
	};
	objectVersion = 50;
	objects = {

/* Begin PBXBuildFile section */
		9E041300262373860084AD71 /* ReminderListFormVM.swift in Sources */ = {isa = PBXBuildFile; fileRef = 9E0412FF262373860084AD71 /* ReminderListFormVM.swift */; };
		9E0A7477261790F100CF9C84 /* MainTextFieldStyle.swift in Sources */ = {isa = PBXBuildFile; fileRef = 9E0A7476261790F100CF9C84 /* MainTextFieldStyle.swift */; };
		9E0A747A2617914D00CF9C84 /* ReminderCardGroupView.swift in Sources */ = {isa = PBXBuildFile; fileRef = 9E0A74792617914D00CF9C84 /* ReminderCardGroupView.swift */; };
		9E0A7486261797B800CF9C84 /* ReminderColor.swift in Sources */ = {isa = PBXBuildFile; fileRef = 9E0A7485261797B800CF9C84 /* ReminderColor.swift */; };
		9E0A748A261797D100CF9C84 /* ReminderIcon.swift in Sources */ = {isa = PBXBuildFile; fileRef = 9E0A7489261797D100CF9C84 /* ReminderIcon.swift */; };
		9E0A74922617B92B00CF9C84 /* Image+Extensions.swift in Sources */ = {isa = PBXBuildFile; fileRef = 9E0A74912617B92B00CF9C84 /* Image+Extensions.swift */; };
		9E0D6A97262F292000ECA65A /* ReminderEntity+CoreDataClass.swift in Sources */ = {isa = PBXBuildFile; fileRef = 9E0D6A95262F292000ECA65A /* ReminderEntity+CoreDataClass.swift */; };
		9E0D6A98262F292000ECA65A /* ReminderEntity+CoreDataProperties.swift in Sources */ = {isa = PBXBuildFile; fileRef = 9E0D6A96262F292000ECA65A /* ReminderEntity+CoreDataProperties.swift */; };
		9E0F9A70261BA39E00AA1018 /* SecondaryTextFieldStyle.swift in Sources */ = {isa = PBXBuildFile; fileRef = 9E0F9A6F261BA39E00AA1018 /* SecondaryTextFieldStyle.swift */; };
		9E13A8332621F2A9009749E7 /* Calendar+Extensions.swift in Sources */ = {isa = PBXBuildFile; fileRef = 9E13A8322621F2A9009749E7 /* Calendar+Extensions.swift */; };
		9E2CABAE26233FC10058A313 /* NavigationController.swift in Sources */ = {isa = PBXBuildFile; fileRef = 9E2CABAD26233FC10058A313 /* NavigationController.swift */; };
		9E3047CD26170DD600E795D2 /* ReminderCard.swift in Sources */ = {isa = PBXBuildFile; fileRef = 9E3047CC26170DD600E795D2 /* ReminderCard.swift */; };
		9E3B5DBE262E2CBE003D7706 /* CoreDataManager.swift in Sources */ = {isa = PBXBuildFile; fileRef = 9E3B5DBD262E2CBE003D7706 /* CoreDataManager.swift */; };
		9E3B5DC2262E3353003D7706 /* ReminderGroupList.swift in Sources */ = {isa = PBXBuildFile; fileRef = 9E3B5DC1262E3353003D7706 /* ReminderGroupList.swift */; };
		9E463A7A261AE2A000AE0705 /* AdaptiveVGrid.swift in Sources */ = {isa = PBXBuildFile; fileRef = 9E463A79261AE2A000AE0705 /* AdaptiveVGrid.swift */; };
		9E46E30E26288F83004E7C2D /* NotificationManager.swift in Sources */ = {isa = PBXBuildFile; fileRef = 9E46E30D26288F83004E7C2D /* NotificationManager.swift */; };
		9E46E3232628961B004E7C2D /* ReminderListEntity+CoreDataClass.swift in Sources */ = {isa = PBXBuildFile; fileRef = 9E46E31F2628961B004E7C2D /* ReminderListEntity+CoreDataClass.swift */; };
		9E46E3242628961B004E7C2D /* ReminderListEntity+CoreDataProperties.swift in Sources */ = {isa = PBXBuildFile; fileRef = 9E46E3202628961B004E7C2D /* ReminderListEntity+CoreDataProperties.swift */; };
		9E46E32C2628BBE0004E7C2D /* RemindersView.swift in Sources */ = {isa = PBXBuildFile; fileRef = 9E46E32B2628BBE0004E7C2D /* RemindersView.swift */; };
		9E49BE17261BA451002E53F6 /* ImageInCircle.swift in Sources */ = {isa = PBXBuildFile; fileRef = 9E49BE16261BA451002E53F6 /* ImageInCircle.swift */; };
		9E49BE1D261BAB44002E53F6 /* ReadingViewSize.swift in Sources */ = {isa = PBXBuildFile; fileRef = 9E49BE1C261BAB44002E53F6 /* ReadingViewSize.swift */; };
		9E4D94E72618C290004202B5 /* ReminderCardsVM.swift in Sources */ = {isa = PBXBuildFile; fileRef = 9E4D94E62618C290004202B5 /* ReminderCardsVM.swift */; };
		9E4DC3E12620D3AF005DA3A1 /* ReminderFormDetailView.swift in Sources */ = {isa = PBXBuildFile; fileRef = 9E4DC3E02620D3AF005DA3A1 /* ReminderFormDetailView.swift */; };
		9E4DC3E42620D49B005DA3A1 /* ReminderFormVM.swift in Sources */ = {isa = PBXBuildFile; fileRef = 9E4DC3E32620D49B005DA3A1 /* ReminderFormVM.swift */; };
		9E4DC3E72620DE79005DA3A1 /* ReminderFormDateSection.swift in Sources */ = {isa = PBXBuildFile; fileRef = 9E4DC3E62620DE79005DA3A1 /* ReminderFormDateSection.swift */; };
		9E4DC3EB2620ED69005DA3A1 /* ReminderFormLabel.swift in Sources */ = {isa = PBXBuildFile; fileRef = 9E4DC3EA2620ED69005DA3A1 /* ReminderFormLabel.swift */; };
		9E59C1BB2625866800D2BE5F /* ReminderListList.swift in Sources */ = {isa = PBXBuildFile; fileRef = 9E59C1BA2625866800D2BE5F /* ReminderListList.swift */; };
		9E648593262AD917002C0FAE /* ReminderCardModel.swift in Sources */ = {isa = PBXBuildFile; fileRef = 9E648592262AD917002C0FAE /* ReminderCardModel.swift */; };
		9E7A9C052630350A009E6363 /* DeleteGroupActionSheet.swift in Sources */ = {isa = PBXBuildFile; fileRef = 9E7A9C042630350A009E6363 /* DeleteGroupActionSheet.swift */; };
		9E837ADD262C39320098A435 /* ReminderRowVM.swift in Sources */ = {isa = PBXBuildFile; fileRef = 9E837ADC262C39320098A435 /* ReminderRowVM.swift */; };
		9E86176A261A023C004C0E1F /* ReminderListFormView.swift in Sources */ = {isa = PBXBuildFile; fileRef = 9E861769261A023C004C0E1F /* ReminderListFormView.swift */; };
		9E861774261A346E004C0E1F /* ReminderListRow.swift in Sources */ = {isa = PBXBuildFile; fileRef = 9E861773261A346E004C0E1F /* ReminderListRow.swift */; };
		9E861777261A373B004C0E1F /* ReminderListListView.swift in Sources */ = {isa = PBXBuildFile; fileRef = 9E861776261A373B004C0E1F /* ReminderListListView.swift */; };
		9E88A6BD261CFC49006F502B /* CoreData+Extensions.swift in Sources */ = {isa = PBXBuildFile; fileRef = 9E88A6BC261CFC49006F502B /* CoreData+Extensions.swift */; };
		9E8ADF76262B977D00578B5A /* ReminderFormListPicker.swift in Sources */ = {isa = PBXBuildFile; fileRef = 9E8ADF75262B977D00578B5A /* ReminderFormListPicker.swift */; };
		9E8ADF7A262B994100578B5A /* ReminderFormEditingView.swift in Sources */ = {isa = PBXBuildFile; fileRef = 9E8ADF79262B994100578B5A /* ReminderFormEditingView.swift */; };
		9E8ADF7D262B99C400578B5A /* ReminderFormViewComponents.swift in Sources */ = {isa = PBXBuildFile; fileRef = 9E8ADF7C262B99C400578B5A /* ReminderFormViewComponents.swift */; };
		9E8ADF80262B9B4300578B5A /* ReminderFormDefaultView.swift in Sources */ = {isa = PBXBuildFile; fileRef = 9E8ADF7F262B9B4300578B5A /* ReminderFormDefaultView.swift */; };
		9EAB87E2261DFDA0005CF077 /* ReminderFormView.swift in Sources */ = {isa = PBXBuildFile; fileRef = 9EAB87E1261DFDA0005CF077 /* ReminderFormView.swift */; };
		9EAB87E9261E1ED4005CF077 /* Priority.swift in Sources */ = {isa = PBXBuildFile; fileRef = 9EAB87E8261E1ED4005CF077 /* Priority.swift */; };
		9EAB87EC261E1EE8005CF077 /* Repetition.swift in Sources */ = {isa = PBXBuildFile; fileRef = 9EAB87EB261E1EE8005CF077 /* Repetition.swift */; };
		9EAB87F0261E4B10005CF077 /* ReminderCardList.swift in Sources */ = {isa = PBXBuildFile; fileRef = 9EAB87EF261E4B10005CF077 /* ReminderCardList.swift */; };
		9EAB87F3261E4E14005CF077 /* DateManager.swift in Sources */ = {isa = PBXBuildFile; fileRef = 9EAB87F2261E4E14005CF077 /* DateManager.swift */; };
		9EB95D822623A1C000DCDF4A /* RemindersScheduled.swift in Sources */ = {isa = PBXBuildFile; fileRef = 9EB95D812623A1C000DCDF4A /* RemindersScheduled.swift */; };
		9EB95D862623A34B00DCDF4A /* RemindersAll.swift in Sources */ = {isa = PBXBuildFile; fileRef = 9EB95D852623A34B00DCDF4A /* RemindersAll.swift */; };
		9EBD27D1261CCF1E00BC0E37 /* ReminderGroupFormVM.swift in Sources */ = {isa = PBXBuildFile; fileRef = 9EBD27D0261CCF1E00BC0E37 /* ReminderGroupFormVM.swift */; };
		9EBD27D4261CCF4300BC0E37 /* ReminderGroupFormView.swift in Sources */ = {isa = PBXBuildFile; fileRef = 9EBD27D3261CCF4300BC0E37 /* ReminderGroupFormView.swift */; };
		9ECB1085261F022B000A7715 /* NavigationTitleColor.swift in Sources */ = {isa = PBXBuildFile; fileRef = 9ECB1084261F022B000A7715 /* NavigationTitleColor.swift */; };
		9ECB108F261F1F60000A7715 /* ReminderRow.swift in Sources */ = {isa = PBXBuildFile; fileRef = 9ECB108E261F1F60000A7715 /* ReminderRow.swift */; };
		9ECB1092261F1FB6000A7715 /* CheckMarkButtonStyle.swift in Sources */ = {isa = PBXBuildFile; fileRef = 9ECB1091261F1FB6000A7715 /* CheckMarkButtonStyle.swift */; };
		9ECB1097261F31C1000A7715 /* BottomBar.swift in Sources */ = {isa = PBXBuildFile; fileRef = 9ECB1096261F31C1000A7715 /* BottomBar.swift */; };
		9ECB109C261F5627000A7715 /* NewReminderButton.swift in Sources */ = {isa = PBXBuildFile; fileRef = 9ECB109B261F5627000A7715 /* NewReminderButton.swift */; };
		9ECB10A0261F5F70000A7715 /* SheetController.swift in Sources */ = {isa = PBXBuildFile; fileRef = 9ECB109F261F5F70000A7715 /* SheetController.swift */; };
		9ECB10A4261F825F000A7715 /* NavigationBar.swift in Sources */ = {isa = PBXBuildFile; fileRef = 9ECB10A3261F825F000A7715 /* NavigationBar.swift */; };
		9ECB10A7261F8409000A7715 /* SmallViewComponents.swift in Sources */ = {isa = PBXBuildFile; fileRef = 9ECB10A6261F8409000A7715 /* SmallViewComponents.swift */; };
		9ECB10AF261FA258000A7715 /* GroupInfoInclude.swift in Sources */ = {isa = PBXBuildFile; fileRef = 9ECB10AE261FA258000A7715 /* GroupInfoInclude.swift */; };
		9ED758A72621A6D200E6FFBB /* ReminderFormRepeatSelection.swift in Sources */ = {isa = PBXBuildFile; fileRef = 9ED758A62621A6D200E6FFBB /* ReminderFormRepeatSelection.swift */; };
		9ED758AB2621B02100E6FFBB /* ReminderFormComponents.swift in Sources */ = {isa = PBXBuildFile; fileRef = 9ED758AA2621B02100E6FFBB /* ReminderFormComponents.swift */; };
		9ED75AB02618624200F5B0BF /* UserDefaults+Extensions.swift in Sources */ = {isa = PBXBuildFile; fileRef = 9ED75AAF2618624200F5B0BF /* UserDefaults+Extensions.swift */; };
		9EE73AC0262A0E980081268D /* ReminderList.swift in Sources */ = {isa = PBXBuildFile; fileRef = 9EE73ABF262A0E980081268D /* ReminderList.swift */; };
		9EE73AC5262A0FF10081268D /* ReminderListRowLink.swift in Sources */ = {isa = PBXBuildFile; fileRef = 9EE73AC4262A0FF10081268D /* ReminderListRowLink.swift */; };
		9EF2D27A262EF96F00BBB846 /* ReminderListListVM.swift in Sources */ = {isa = PBXBuildFile; fileRef = 9EF2D279262EF96F00BBB846 /* ReminderListListVM.swift */; };
		9EF2D27D262F0E5300BBB846 /* CoreDataSample.swift in Sources */ = {isa = PBXBuildFile; fileRef = 9EF2D27C262F0E5300BBB846 /* CoreDataSample.swift */; };
		9EF301B82624925400001B51 /* SearchBar.swift in Sources */ = {isa = PBXBuildFile; fileRef = 9EF301B72624925400001B51 /* SearchBar.swift */; };
		9EF301BB2624927D00001B51 /* ViewControllerResolver.swift in Sources */ = {isa = PBXBuildFile; fileRef = 9EF301BA2624927D00001B51 /* ViewControllerResolver.swift */; };
		9EF301BF2624C4F800001B51 /* DisclosureGroupLabel.swift in Sources */ = {isa = PBXBuildFile; fileRef = 9EF301BE2624C4F800001B51 /* DisclosureGroupLabel.swift */; };
		9EF79DD0261657F800D70C5A /* AppleRemindersCopyApp.swift in Sources */ = {isa = PBXBuildFile; fileRef = 9EF79DCF261657F800D70C5A /* AppleRemindersCopyApp.swift */; };
		9EF79DD2261657F800D70C5A /* HomeView.swift in Sources */ = {isa = PBXBuildFile; fileRef = 9EF79DD1261657F800D70C5A /* HomeView.swift */; };
		9EF79DD4261657FA00D70C5A /* Assets.xcassets in Resources */ = {isa = PBXBuildFile; fileRef = 9EF79DD3261657FA00D70C5A /* Assets.xcassets */; };
		9EF79DD7261657FA00D70C5A /* Preview Assets.xcassets in Resources */ = {isa = PBXBuildFile; fileRef = 9EF79DD6261657FA00D70C5A /* Preview Assets.xcassets */; };
		9EF79DD9261657FA00D70C5A /* Persistence.swift in Sources */ = {isa = PBXBuildFile; fileRef = 9EF79DD8261657FA00D70C5A /* Persistence.swift */; };
		9EF79DDC261657FA00D70C5A /* AppleRemindersCopy.xcdatamodeld in Sources */ = {isa = PBXBuildFile; fileRef = 9EF79DDA261657FA00D70C5A /* AppleRemindersCopy.xcdatamodeld */; };
		9EF79DE8261659A600D70C5A /* View+Extentions.swift in Sources */ = {isa = PBXBuildFile; fileRef = 9EF79DE7261659A600D70C5A /* View+Extentions.swift */; };
		9EF79DEB26165DAC00D70C5A /* Color+Extensions.swift in Sources */ = {isa = PBXBuildFile; fileRef = 9EF79DEA26165DAC00D70C5A /* Color+Extensions.swift */; };
		9EF79DEE261661CC00D70C5A /* ReminderCardView.swift in Sources */ = {isa = PBXBuildFile; fileRef = 9EF79DED261661CC00D70C5A /* ReminderCardView.swift */; };
		9EF7C6632630B8160030E4EF /* DeleteReminderListAlert.swift in Sources */ = {isa = PBXBuildFile; fileRef = 9EF7C6622630B8160030E4EF /* DeleteReminderListAlert.swift */; };
		9EF7C66C2630CE0E0030E4EF /* DiscardChangesAlert.swift in Sources */ = {isa = PBXBuildFile; fileRef = 9EF7C66B2630CE0E0030E4EF /* DiscardChangesAlert.swift */; };
/* End PBXBuildFile section */

/* Begin PBXFileReference section */
		9E0412FF262373860084AD71 /* ReminderListFormVM.swift */ = {isa = PBXFileReference; lastKnownFileType = sourcecode.swift; path = ReminderListFormVM.swift; sourceTree = "<group>"; };
		9E0A7476261790F100CF9C84 /* MainTextFieldStyle.swift */ = {isa = PBXFileReference; lastKnownFileType = sourcecode.swift; path = MainTextFieldStyle.swift; sourceTree = "<group>"; };
		9E0A74792617914D00CF9C84 /* ReminderCardGroupView.swift */ = {isa = PBXFileReference; lastKnownFileType = sourcecode.swift; path = ReminderCardGroupView.swift; sourceTree = "<group>"; };
		9E0A7485261797B800CF9C84 /* ReminderColor.swift */ = {isa = PBXFileReference; lastKnownFileType = sourcecode.swift; path = ReminderColor.swift; sourceTree = "<group>"; };
		9E0A7489261797D100CF9C84 /* ReminderIcon.swift */ = {isa = PBXFileReference; lastKnownFileType = sourcecode.swift; path = ReminderIcon.swift; sourceTree = "<group>"; };
		9E0A74912617B92B00CF9C84 /* Image+Extensions.swift */ = {isa = PBXFileReference; lastKnownFileType = sourcecode.swift; path = "Image+Extensions.swift"; sourceTree = "<group>"; };
		9E0D6A95262F292000ECA65A /* ReminderEntity+CoreDataClass.swift */ = {isa = PBXFileReference; lastKnownFileType = sourcecode.swift; path = "ReminderEntity+CoreDataClass.swift"; sourceTree = "<group>"; };
		9E0D6A96262F292000ECA65A /* ReminderEntity+CoreDataProperties.swift */ = {isa = PBXFileReference; lastKnownFileType = sourcecode.swift; path = "ReminderEntity+CoreDataProperties.swift"; sourceTree = "<group>"; };
		9E0F9A6F261BA39E00AA1018 /* SecondaryTextFieldStyle.swift */ = {isa = PBXFileReference; lastKnownFileType = sourcecode.swift; path = SecondaryTextFieldStyle.swift; sourceTree = "<group>"; };
		9E13A8322621F2A9009749E7 /* Calendar+Extensions.swift */ = {isa = PBXFileReference; lastKnownFileType = sourcecode.swift; path = "Calendar+Extensions.swift"; sourceTree = "<group>"; };
		9E2CABAD26233FC10058A313 /* NavigationController.swift */ = {isa = PBXFileReference; lastKnownFileType = sourcecode.swift; path = NavigationController.swift; sourceTree = "<group>"; };
		9E3047CC26170DD600E795D2 /* ReminderCard.swift */ = {isa = PBXFileReference; lastKnownFileType = sourcecode.swift; path = ReminderCard.swift; sourceTree = "<group>"; };
		9E3B5DBD262E2CBE003D7706 /* CoreDataManager.swift */ = {isa = PBXFileReference; lastKnownFileType = sourcecode.swift; path = CoreDataManager.swift; sourceTree = "<group>"; };
		9E3B5DC1262E3353003D7706 /* ReminderGroupList.swift */ = {isa = PBXFileReference; lastKnownFileType = sourcecode.swift; path = ReminderGroupList.swift; sourceTree = "<group>"; };
		9E463A79261AE2A000AE0705 /* AdaptiveVGrid.swift */ = {isa = PBXFileReference; lastKnownFileType = sourcecode.swift; path = AdaptiveVGrid.swift; sourceTree = "<group>"; };
		9E46E30D26288F83004E7C2D /* NotificationManager.swift */ = {isa = PBXFileReference; lastKnownFileType = sourcecode.swift; path = NotificationManager.swift; sourceTree = "<group>"; };
		9E46E31F2628961B004E7C2D /* ReminderListEntity+CoreDataClass.swift */ = {isa = PBXFileReference; lastKnownFileType = sourcecode.swift; path = "ReminderListEntity+CoreDataClass.swift"; sourceTree = "<group>"; };
		9E46E3202628961B004E7C2D /* ReminderListEntity+CoreDataProperties.swift */ = {isa = PBXFileReference; lastKnownFileType = sourcecode.swift; path = "ReminderListEntity+CoreDataProperties.swift"; sourceTree = "<group>"; };
		9E46E32B2628BBE0004E7C2D /* RemindersView.swift */ = {isa = PBXFileReference; lastKnownFileType = sourcecode.swift; path = RemindersView.swift; sourceTree = "<group>"; };
		9E49BE16261BA451002E53F6 /* ImageInCircle.swift */ = {isa = PBXFileReference; lastKnownFileType = sourcecode.swift; path = ImageInCircle.swift; sourceTree = "<group>"; };
		9E49BE1C261BAB44002E53F6 /* ReadingViewSize.swift */ = {isa = PBXFileReference; lastKnownFileType = sourcecode.swift; path = ReadingViewSize.swift; sourceTree = "<group>"; };
		9E4D94E62618C290004202B5 /* ReminderCardsVM.swift */ = {isa = PBXFileReference; lastKnownFileType = sourcecode.swift; path = ReminderCardsVM.swift; sourceTree = "<group>"; };
		9E4DC3E02620D3AF005DA3A1 /* ReminderFormDetailView.swift */ = {isa = PBXFileReference; lastKnownFileType = sourcecode.swift; path = ReminderFormDetailView.swift; sourceTree = "<group>"; };
		9E4DC3E32620D49B005DA3A1 /* ReminderFormVM.swift */ = {isa = PBXFileReference; lastKnownFileType = sourcecode.swift; path = ReminderFormVM.swift; sourceTree = "<group>"; };
		9E4DC3E62620DE79005DA3A1 /* ReminderFormDateSection.swift */ = {isa = PBXFileReference; lastKnownFileType = sourcecode.swift; path = ReminderFormDateSection.swift; sourceTree = "<group>"; };
		9E4DC3EA2620ED69005DA3A1 /* ReminderFormLabel.swift */ = {isa = PBXFileReference; lastKnownFileType = sourcecode.swift; path = ReminderFormLabel.swift; sourceTree = "<group>"; };
		9E59C1BA2625866800D2BE5F /* ReminderListList.swift */ = {isa = PBXFileReference; lastKnownFileType = sourcecode.swift; path = ReminderListList.swift; sourceTree = "<group>"; };
		9E648592262AD917002C0FAE /* ReminderCardModel.swift */ = {isa = PBXFileReference; lastKnownFileType = sourcecode.swift; path = ReminderCardModel.swift; sourceTree = "<group>"; };
		9E7A9C042630350A009E6363 /* DeleteGroupActionSheet.swift */ = {isa = PBXFileReference; lastKnownFileType = sourcecode.swift; path = DeleteGroupActionSheet.swift; sourceTree = "<group>"; };
		9E837ADC262C39320098A435 /* ReminderRowVM.swift */ = {isa = PBXFileReference; lastKnownFileType = sourcecode.swift; path = ReminderRowVM.swift; sourceTree = "<group>"; };
		9E861769261A023C004C0E1F /* ReminderListFormView.swift */ = {isa = PBXFileReference; lastKnownFileType = sourcecode.swift; path = ReminderListFormView.swift; sourceTree = "<group>"; };
		9E861773261A346E004C0E1F /* ReminderListRow.swift */ = {isa = PBXFileReference; lastKnownFileType = sourcecode.swift; path = ReminderListRow.swift; sourceTree = "<group>"; };
		9E861776261A373B004C0E1F /* ReminderListListView.swift */ = {isa = PBXFileReference; lastKnownFileType = sourcecode.swift; path = ReminderListListView.swift; sourceTree = "<group>"; };
		9E88A6BC261CFC49006F502B /* CoreData+Extensions.swift */ = {isa = PBXFileReference; lastKnownFileType = sourcecode.swift; path = "CoreData+Extensions.swift"; sourceTree = "<group>"; };
		9E8ADF75262B977D00578B5A /* ReminderFormListPicker.swift */ = {isa = PBXFileReference; lastKnownFileType = sourcecode.swift; path = ReminderFormListPicker.swift; sourceTree = "<group>"; };
		9E8ADF79262B994100578B5A /* ReminderFormEditingView.swift */ = {isa = PBXFileReference; lastKnownFileType = sourcecode.swift; path = ReminderFormEditingView.swift; sourceTree = "<group>"; };
		9E8ADF7C262B99C400578B5A /* ReminderFormViewComponents.swift */ = {isa = PBXFileReference; lastKnownFileType = sourcecode.swift; path = ReminderFormViewComponents.swift; sourceTree = "<group>"; };
		9E8ADF7F262B9B4300578B5A /* ReminderFormDefaultView.swift */ = {isa = PBXFileReference; lastKnownFileType = sourcecode.swift; path = ReminderFormDefaultView.swift; sourceTree = "<group>"; };
		9EAB87E1261DFDA0005CF077 /* ReminderFormView.swift */ = {isa = PBXFileReference; lastKnownFileType = sourcecode.swift; path = ReminderFormView.swift; sourceTree = "<group>"; };
		9EAB87E8261E1ED4005CF077 /* Priority.swift */ = {isa = PBXFileReference; lastKnownFileType = sourcecode.swift; path = Priority.swift; sourceTree = "<group>"; };
		9EAB87EB261E1EE8005CF077 /* Repetition.swift */ = {isa = PBXFileReference; lastKnownFileType = sourcecode.swift; path = Repetition.swift; sourceTree = "<group>"; };
		9EAB87EF261E4B10005CF077 /* ReminderCardList.swift */ = {isa = PBXFileReference; lastKnownFileType = sourcecode.swift; path = ReminderCardList.swift; sourceTree = "<group>"; };
		9EAB87F2261E4E14005CF077 /* DateManager.swift */ = {isa = PBXFileReference; lastKnownFileType = sourcecode.swift; path = DateManager.swift; sourceTree = "<group>"; };
		9EB95D812623A1C000DCDF4A /* RemindersScheduled.swift */ = {isa = PBXFileReference; lastKnownFileType = sourcecode.swift; path = RemindersScheduled.swift; sourceTree = "<group>"; };
		9EB95D852623A34B00DCDF4A /* RemindersAll.swift */ = {isa = PBXFileReference; lastKnownFileType = sourcecode.swift; path = RemindersAll.swift; sourceTree = "<group>"; };
		9EBD27D0261CCF1E00BC0E37 /* ReminderGroupFormVM.swift */ = {isa = PBXFileReference; lastKnownFileType = sourcecode.swift; path = ReminderGroupFormVM.swift; sourceTree = "<group>"; };
		9EBD27D3261CCF4300BC0E37 /* ReminderGroupFormView.swift */ = {isa = PBXFileReference; lastKnownFileType = sourcecode.swift; path = ReminderGroupFormView.swift; sourceTree = "<group>"; };
		9ECB1084261F022B000A7715 /* NavigationTitleColor.swift */ = {isa = PBXFileReference; lastKnownFileType = sourcecode.swift; path = NavigationTitleColor.swift; sourceTree = "<group>"; };
		9ECB108E261F1F60000A7715 /* ReminderRow.swift */ = {isa = PBXFileReference; lastKnownFileType = sourcecode.swift; path = ReminderRow.swift; sourceTree = "<group>"; };
		9ECB1091261F1FB6000A7715 /* CheckMarkButtonStyle.swift */ = {isa = PBXFileReference; lastKnownFileType = sourcecode.swift; path = CheckMarkButtonStyle.swift; sourceTree = "<group>"; };
		9ECB1096261F31C1000A7715 /* BottomBar.swift */ = {isa = PBXFileReference; lastKnownFileType = sourcecode.swift; path = BottomBar.swift; sourceTree = "<group>"; };
		9ECB109B261F5627000A7715 /* NewReminderButton.swift */ = {isa = PBXFileReference; lastKnownFileType = sourcecode.swift; path = NewReminderButton.swift; sourceTree = "<group>"; };
		9ECB109F261F5F70000A7715 /* SheetController.swift */ = {isa = PBXFileReference; lastKnownFileType = sourcecode.swift; path = SheetController.swift; sourceTree = "<group>"; };
		9ECB10A3261F825F000A7715 /* NavigationBar.swift */ = {isa = PBXFileReference; lastKnownFileType = sourcecode.swift; path = NavigationBar.swift; sourceTree = "<group>"; };
		9ECB10A6261F8409000A7715 /* SmallViewComponents.swift */ = {isa = PBXFileReference; lastKnownFileType = sourcecode.swift; path = SmallViewComponents.swift; sourceTree = "<group>"; };
		9ECB10AE261FA258000A7715 /* GroupInfoInclude.swift */ = {isa = PBXFileReference; lastKnownFileType = sourcecode.swift; path = GroupInfoInclude.swift; sourceTree = "<group>"; };
		9ED758A62621A6D200E6FFBB /* ReminderFormRepeatSelection.swift */ = {isa = PBXFileReference; lastKnownFileType = sourcecode.swift; path = ReminderFormRepeatSelection.swift; sourceTree = "<group>"; };
		9ED758AA2621B02100E6FFBB /* ReminderFormComponents.swift */ = {isa = PBXFileReference; lastKnownFileType = sourcecode.swift; path = ReminderFormComponents.swift; sourceTree = "<group>"; };
		9ED75AAF2618624200F5B0BF /* UserDefaults+Extensions.swift */ = {isa = PBXFileReference; lastKnownFileType = sourcecode.swift; path = "UserDefaults+Extensions.swift"; sourceTree = "<group>"; };
		9EE73ABF262A0E980081268D /* ReminderList.swift */ = {isa = PBXFileReference; lastKnownFileType = sourcecode.swift; path = ReminderList.swift; sourceTree = "<group>"; };
		9EE73AC4262A0FF10081268D /* ReminderListRowLink.swift */ = {isa = PBXFileReference; lastKnownFileType = sourcecode.swift; path = ReminderListRowLink.swift; sourceTree = "<group>"; };
		9EF2D279262EF96F00BBB846 /* ReminderListListVM.swift */ = {isa = PBXFileReference; lastKnownFileType = sourcecode.swift; path = ReminderListListVM.swift; sourceTree = "<group>"; };
		9EF2D27C262F0E5300BBB846 /* CoreDataSample.swift */ = {isa = PBXFileReference; lastKnownFileType = sourcecode.swift; path = CoreDataSample.swift; sourceTree = "<group>"; };
		9EF301B72624925400001B51 /* SearchBar.swift */ = {isa = PBXFileReference; lastKnownFileType = sourcecode.swift; path = SearchBar.swift; sourceTree = "<group>"; };
		9EF301BA2624927D00001B51 /* ViewControllerResolver.swift */ = {isa = PBXFileReference; lastKnownFileType = sourcecode.swift; path = ViewControllerResolver.swift; sourceTree = "<group>"; };
		9EF301BE2624C4F800001B51 /* DisclosureGroupLabel.swift */ = {isa = PBXFileReference; lastKnownFileType = sourcecode.swift; path = DisclosureGroupLabel.swift; sourceTree = "<group>"; };
		9EF79DCC261657F800D70C5A /* AppleRemindersCopy.app */ = {isa = PBXFileReference; explicitFileType = wrapper.application; includeInIndex = 0; path = AppleRemindersCopy.app; sourceTree = BUILT_PRODUCTS_DIR; };
		9EF79DCF261657F800D70C5A /* AppleRemindersCopyApp.swift */ = {isa = PBXFileReference; lastKnownFileType = sourcecode.swift; path = AppleRemindersCopyApp.swift; sourceTree = "<group>"; };
		9EF79DD1261657F800D70C5A /* HomeView.swift */ = {isa = PBXFileReference; lastKnownFileType = sourcecode.swift; path = HomeView.swift; sourceTree = "<group>"; };
		9EF79DD3261657FA00D70C5A /* Assets.xcassets */ = {isa = PBXFileReference; lastKnownFileType = folder.assetcatalog; path = Assets.xcassets; sourceTree = "<group>"; };
		9EF79DD6261657FA00D70C5A /* Preview Assets.xcassets */ = {isa = PBXFileReference; lastKnownFileType = folder.assetcatalog; path = "Preview Assets.xcassets"; sourceTree = "<group>"; };
		9EF79DD8261657FA00D70C5A /* Persistence.swift */ = {isa = PBXFileReference; lastKnownFileType = sourcecode.swift; path = Persistence.swift; sourceTree = "<group>"; };
		9EF79DDB261657FA00D70C5A /* AppleRemindersCopy.xcdatamodel */ = {isa = PBXFileReference; lastKnownFileType = wrapper.xcdatamodel; path = AppleRemindersCopy.xcdatamodel; sourceTree = "<group>"; };
		9EF79DDD261657FA00D70C5A /* Info.plist */ = {isa = PBXFileReference; lastKnownFileType = text.plist.xml; path = Info.plist; sourceTree = "<group>"; };
		9EF79DE7261659A600D70C5A /* View+Extentions.swift */ = {isa = PBXFileReference; lastKnownFileType = sourcecode.swift; path = "View+Extentions.swift"; sourceTree = "<group>"; };
		9EF79DEA26165DAC00D70C5A /* Color+Extensions.swift */ = {isa = PBXFileReference; lastKnownFileType = sourcecode.swift; path = "Color+Extensions.swift"; sourceTree = "<group>"; };
		9EF79DED261661CC00D70C5A /* ReminderCardView.swift */ = {isa = PBXFileReference; lastKnownFileType = sourcecode.swift; path = ReminderCardView.swift; sourceTree = "<group>"; };
		9EF7C6622630B8160030E4EF /* DeleteReminderListAlert.swift */ = {isa = PBXFileReference; lastKnownFileType = sourcecode.swift; path = DeleteReminderListAlert.swift; sourceTree = "<group>"; };
		9EF7C66B2630CE0E0030E4EF /* DiscardChangesAlert.swift */ = {isa = PBXFileReference; lastKnownFileType = sourcecode.swift; path = DiscardChangesAlert.swift; sourceTree = "<group>"; };
/* End PBXFileReference section */

/* Begin PBXFrameworksBuildPhase section */
		9EF79DC9261657F800D70C5A /* Frameworks */ = {
			isa = PBXFrameworksBuildPhase;
			buildActionMask = 2147483647;
			files = (
			);
			runOnlyForDeploymentPostprocessing = 0;
		};
/* End PBXFrameworksBuildPhase section */

/* Begin PBXGroup section */
		9E0A747D2617931E00CF9C84 /* Styles */ = {
			isa = PBXGroup;
			children = (
				9E0A7476261790F100CF9C84 /* MainTextFieldStyle.swift */,
				9E0F9A6F261BA39E00AA1018 /* SecondaryTextFieldStyle.swift */,
				9ECB1091261F1FB6000A7715 /* CheckMarkButtonStyle.swift */,
			);
			name = Styles;
			sourceTree = "<group>";
		};
		9E3047CA26170CA600E795D2 /* Extensions */ = {
			isa = PBXGroup;
			children = (
				9E49BE1C261BAB44002E53F6 /* ReadingViewSize.swift */,
				9EF79DE7261659A600D70C5A /* View+Extentions.swift */,
				9EF79DEA26165DAC00D70C5A /* Color+Extensions.swift */,
				9E0A74912617B92B00CF9C84 /* Image+Extensions.swift */,
				9ED75AAF2618624200F5B0BF /* UserDefaults+Extensions.swift */,
				9E13A8322621F2A9009749E7 /* Calendar+Extensions.swift */,
			);
			name = Extensions;
			sourceTree = "<group>";
		};
		9E3047CF26170DE600E795D2 /* Models */ = {
			isa = PBXGroup;
			children = (
				9ECB1094261F2F00000A7715 /* Reminder Configuration */,
				9E8ADF6F262AF24400578B5A /* Reminder Card */,
			);
			name = Models;
			sourceTree = "<group>";
		};
		9E3047D026170DFD00E795D2 /* Views */ = {
			isa = PBXGroup;
			children = (
				9ECB1088261F1B5E000A7715 /* HomeView */,
				9ECB108A261F1C5C000A7715 /* Reminders View */,
				9ECB10A9261FA1B6000A7715 /* ReminderGroup Form */,
				9E861769261A023C004C0E1F /* ReminderListFormView.swift */,
				9ED758AD2621B03D00E6FFBB /* Reminder Form */,
			);
			name = Views;
			sourceTree = "<group>";
		};
		9E46E30B26288F12004E7C2D /* Controllers and Managers */ = {
			isa = PBXGroup;
			children = (
				9ECB109F261F5F70000A7715 /* SheetController.swift */,
				9E2CABAD26233FC10058A313 /* NavigationController.swift */,
				9E46E30D26288F83004E7C2D /* NotificationManager.swift */,
				9EAB87F2261E4E14005CF077 /* DateManager.swift */,
			);
			name = "Controllers and Managers";
			sourceTree = "<group>";
		};
		9E49BE19261BA4A9002E53F6 /* Helper Views */ = {
			isa = PBXGroup;
			children = (
				9EF301C22624C91000001B51 /* Navigation Components */,
				9ECB10A6261F8409000A7715 /* SmallViewComponents.swift */,
				9ECB109B261F5627000A7715 /* NewReminderButton.swift */,
				9E49BE16261BA451002E53F6 /* ImageInCircle.swift */,
				9E463A79261AE2A000AE0705 /* AdaptiveVGrid.swift */,
				9ECB1084261F022B000A7715 /* NavigationTitleColor.swift */,
			);
			name = "Helper Views";
			sourceTree = "<group>";
		};
		9E4D94E52618C26E004202B5 /* View Models */ = {
			isa = PBXGroup;
			children = (
				9E4D94E62618C290004202B5 /* ReminderCardsVM.swift */,
				9EF2D279262EF96F00BBB846 /* ReminderListListVM.swift */,
				9E837ADC262C39320098A435 /* ReminderRowVM.swift */,
				9EBD27D0261CCF1E00BC0E37 /* ReminderGroupFormVM.swift */,
				9E0412FF262373860084AD71 /* ReminderListFormVM.swift */,
				9E4DC3E32620D49B005DA3A1 /* ReminderFormVM.swift */,
			);
			name = "View Models";
			sourceTree = "<group>";
		};
		9E84902C2619D7A800155EE1 /* Core Data */ = {
			isa = PBXGroup;
			children = (
				9E0D6A95262F292000ECA65A /* ReminderEntity+CoreDataClass.swift */,
				9E0D6A96262F292000ECA65A /* ReminderEntity+CoreDataProperties.swift */,
				9E46E31F2628961B004E7C2D /* ReminderListEntity+CoreDataClass.swift */,
				9E46E3202628961B004E7C2D /* ReminderListEntity+CoreDataProperties.swift */,
				9E88A6BC261CFC49006F502B /* CoreData+Extensions.swift */,
			);
			name = "Core Data";
			sourceTree = "<group>";
		};
		9E8ADF6F262AF24400578B5A /* Reminder Card */ = {
			isa = PBXGroup;
			children = (
				9E3047CC26170DD600E795D2 /* ReminderCard.swift */,
				9E648592262AD917002C0FAE /* ReminderCardModel.swift */,
				9EAB87EF261E4B10005CF077 /* ReminderCardList.swift */,
			);
			name = "Reminder Card";
			sourceTree = "<group>";
		};
		9E8ADF78262B98D600578B5A /* ReminderForm Detail */ = {
			isa = PBXGroup;
			children = (
				9E4DC3E02620D3AF005DA3A1 /* ReminderFormDetailView.swift */,
				9E4DC3E62620DE79005DA3A1 /* ReminderFormDateSection.swift */,
				9ED758AA2621B02100E6FFBB /* ReminderFormComponents.swift */,
				9ED758A62621A6D200E6FFBB /* ReminderFormRepeatSelection.swift */,
				9E4DC3EA2620ED69005DA3A1 /* ReminderFormLabel.swift */,
			);
			name = "ReminderForm Detail";
			sourceTree = "<group>";
		};
		9E8ADF82262B9B6500578B5A /* ReminderForm Main */ = {
			isa = PBXGroup;
			children = (
				9E8ADF7F262B9B4300578B5A /* ReminderFormDefaultView.swift */,
				9E8ADF79262B994100578B5A /* ReminderFormEditingView.swift */,
				9E8ADF75262B977D00578B5A /* ReminderFormListPicker.swift */,
				9E8ADF7C262B99C400578B5A /* ReminderFormViewComponents.swift */,
			);
			name = "ReminderForm Main";
			sourceTree = "<group>";
		};
		9EB95D882623A36000DCDF4A /* Reminder List */ = {
			isa = PBXGroup;
			children = (
				9EE73ABF262A0E980081268D /* ReminderList.swift */,
				9EB95D852623A34B00DCDF4A /* RemindersAll.swift */,
				9EB95D812623A1C000DCDF4A /* RemindersScheduled.swift */,
			);
			name = "Reminder List";
			sourceTree = "<group>";
		};
		9ECB1088261F1B5E000A7715 /* HomeView */ = {
			isa = PBXGroup;
			children = (
				9EF79DD1261657F800D70C5A /* HomeView.swift */,
				9E861776261A373B004C0E1F /* ReminderListListView.swift */,
				9EF7C6652630B8430030E4EF /* ReminderGroup List */,
				9EF301C12624C7FC00001B51 /* ReminderList List */,
				9EF7C6662630B8C40030E4EF /* ReminderCard View */,
			);
			name = HomeView;
			sourceTree = "<group>";
		};
		9ECB108A261F1C5C000A7715 /* Reminders View */ = {
			isa = PBXGroup;
			children = (
				9E46E32B2628BBE0004E7C2D /* RemindersView.swift */,
				9ECB108E261F1F60000A7715 /* ReminderRow.swift */,
				9EB95D882623A36000DCDF4A /* Reminder List */,
			);
			name = "Reminders View";
			sourceTree = "<group>";
		};
		9ECB1094261F2F00000A7715 /* Reminder Configuration */ = {
			isa = PBXGroup;
			children = (
				9EAB87EB261E1EE8005CF077 /* Repetition.swift */,
				9EAB87E8261E1ED4005CF077 /* Priority.swift */,
				9E0A7485261797B800CF9C84 /* ReminderColor.swift */,
				9E0A7489261797D100CF9C84 /* ReminderIcon.swift */,
			);
			name = "Reminder Configuration";
			sourceTree = "<group>";
		};
		9ECB10A9261FA1B6000A7715 /* ReminderGroup Form */ = {
			isa = PBXGroup;
			children = (
				9EBD27D3261CCF4300BC0E37 /* ReminderGroupFormView.swift */,
				9ECB10AE261FA258000A7715 /* GroupInfoInclude.swift */,
			);
			name = "ReminderGroup Form";
			sourceTree = "<group>";
		};
		9ED758AD2621B03D00E6FFBB /* Reminder Form */ = {
			isa = PBXGroup;
			children = (
				9EAB87E1261DFDA0005CF077 /* ReminderFormView.swift */,
				9EF7C66B2630CE0E0030E4EF /* DiscardChangesAlert.swift */,
				9E8ADF82262B9B6500578B5A /* ReminderForm Main */,
				9E8ADF78262B98D600578B5A /* ReminderForm Detail */,
			);
			name = "Reminder Form";
			sourceTree = "<group>";
		};
		9EF301C12624C7FC00001B51 /* ReminderList List */ = {
			isa = PBXGroup;
			children = (
				9EF7C6622630B8160030E4EF /* DeleteReminderListAlert.swift */,
				9E59C1BA2625866800D2BE5F /* ReminderListList.swift */,
				9E861773261A346E004C0E1F /* ReminderListRow.swift */,
				9EE73AC4262A0FF10081268D /* ReminderListRowLink.swift */,
			);
			name = "ReminderList List";
			sourceTree = "<group>";
		};
		9EF301C22624C91000001B51 /* Navigation Components */ = {
			isa = PBXGroup;
			children = (
				9EF301BA2624927D00001B51 /* ViewControllerResolver.swift */,
				9EF301B72624925400001B51 /* SearchBar.swift */,
				9ECB1096261F31C1000A7715 /* BottomBar.swift */,
				9ECB10A3261F825F000A7715 /* NavigationBar.swift */,
			);
			name = "Navigation Components";
			sourceTree = "<group>";
		};
		9EF79DC3261657F700D70C5A = {
			isa = PBXGroup;
			children = (
				9EF79DCE261657F800D70C5A /* AppleRemindersCopy */,
				9EF79DCD261657F800D70C5A /* Products */,
			);
			sourceTree = "<group>";
		};
		9EF79DCD261657F800D70C5A /* Products */ = {
			isa = PBXGroup;
			children = (
				9EF79DCC261657F800D70C5A /* AppleRemindersCopy.app */,
			);
			name = Products;
			sourceTree = "<group>";
		};
		9EF79DCE261657F800D70C5A /* AppleRemindersCopy */ = {
			isa = PBXGroup;
			children = (
				9EF79DCF261657F800D70C5A /* AppleRemindersCopyApp.swift */,
				9EF79DD8261657FA00D70C5A /* Persistence.swift */,
				9E3B5DBD262E2CBE003D7706 /* CoreDataManager.swift */,
				9E84902C2619D7A800155EE1 /* Core Data */,
				9E46E30B26288F12004E7C2D /* Controllers and Managers */,
				9E3047CF26170DE600E795D2 /* Models */,
				9E4D94E52618C26E004202B5 /* View Models */,
				9E3047D026170DFD00E795D2 /* Views */,
				9E49BE19261BA4A9002E53F6 /* Helper Views */,
				9E0A747D2617931E00CF9C84 /* Styles */,
				9E3047CA26170CA600E795D2 /* Extensions */,
				9EF79DDA261657FA00D70C5A /* AppleRemindersCopy.xcdatamodeld */,
				9EF79DE42616585700D70C5A /* Supporting Files */,
			);
			path = AppleRemindersCopy;
			sourceTree = "<group>";
		};
		9EF79DD5261657FA00D70C5A /* Preview Content */ = {
			isa = PBXGroup;
			children = (
				9EF79DD6261657FA00D70C5A /* Preview Assets.xcassets */,
			);
			path = "Preview Content";
			sourceTree = "<group>";
		};
		9EF79DE42616585700D70C5A /* Supporting Files */ = {
			isa = PBXGroup;
			children = (
				9EF2D27C262F0E5300BBB846 /* CoreDataSample.swift */,
				9EF79DD3261657FA00D70C5A /* Assets.xcassets */,
				9EF79DDD261657FA00D70C5A /* Info.plist */,
				9EF79DD5261657FA00D70C5A /* Preview Content */,
			);
			name = "Supporting Files";
			sourceTree = "<group>";
		};
		9EF7C6652630B8430030E4EF /* ReminderGroup List */ = {
			isa = PBXGroup;
			children = (
				9E3B5DC1262E3353003D7706 /* ReminderGroupList.swift */,
				9EF301BE2624C4F800001B51 /* DisclosureGroupLabel.swift */,
				9E7A9C042630350A009E6363 /* DeleteGroupActionSheet.swift */,
			);
			name = "ReminderGroup List";
			sourceTree = "<group>";
		};
		9EF7C6662630B8C40030E4EF /* ReminderCard View */ = {
			isa = PBXGroup;
			children = (
				9E0A74792617914D00CF9C84 /* ReminderCardGroupView.swift */,
				9EF79DED261661CC00D70C5A /* ReminderCardView.swift */,
			);
			name = "ReminderCard View";
			sourceTree = "<group>";
		};
/* End PBXGroup section */

/* Begin PBXNativeTarget section */
		9EF79DCB261657F800D70C5A /* AppleRemindersCopy */ = {
			isa = PBXNativeTarget;
			buildConfigurationList = 9EF79DE0261657FA00D70C5A /* Build configuration list for PBXNativeTarget "AppleRemindersCopy" */;
			buildPhases = (
				9EF79DC8261657F800D70C5A /* Sources */,
				9EF79DC9261657F800D70C5A /* Frameworks */,
				9EF79DCA261657F800D70C5A /* Resources */,
			);
			buildRules = (
			);
			dependencies = (
			);
			name = AppleRemindersCopy;
			productName = AppleRemindersCopy;
			productReference = 9EF79DCC261657F800D70C5A /* AppleRemindersCopy.app */;
			productType = "com.apple.product-type.application";
		};
/* End PBXNativeTarget section */

/* Begin PBXProject section */
		9EF79DC4261657F700D70C5A /* Project object */ = {
			isa = PBXProject;
			attributes = {
				LastSwiftUpdateCheck = 1240;
				LastUpgradeCheck = 1240;
				TargetAttributes = {
					9EF79DCB261657F800D70C5A = {
						CreatedOnToolsVersion = 12.4;
					};
				};
			};
			buildConfigurationList = 9EF79DC7261657F700D70C5A /* Build configuration list for PBXProject "AppleRemindersCopy" */;
			compatibilityVersion = "Xcode 9.3";
			developmentRegion = en;
			hasScannedForEncodings = 0;
			knownRegions = (
				en,
				Base,
			);
			mainGroup = 9EF79DC3261657F700D70C5A;
			productRefGroup = 9EF79DCD261657F800D70C5A /* Products */;
			projectDirPath = "";
			projectRoot = "";
			targets = (
				9EF79DCB261657F800D70C5A /* AppleRemindersCopy */,
			);
		};
/* End PBXProject section */

/* Begin PBXResourcesBuildPhase section */
		9EF79DCA261657F800D70C5A /* Resources */ = {
			isa = PBXResourcesBuildPhase;
			buildActionMask = 2147483647;
			files = (
				9EF79DD7261657FA00D70C5A /* Preview Assets.xcassets in Resources */,
				9EF79DD4261657FA00D70C5A /* Assets.xcassets in Resources */,
			);
			runOnlyForDeploymentPostprocessing = 0;
		};
/* End PBXResourcesBuildPhase section */

/* Begin PBXSourcesBuildPhase section */
		9EF79DC8261657F800D70C5A /* Sources */ = {
			isa = PBXSourcesBuildPhase;
			buildActionMask = 2147483647;
			files = (
				9EF79DD9261657FA00D70C5A /* Persistence.swift in Sources */,
				9ECB1085261F022B000A7715 /* NavigationTitleColor.swift in Sources */,
				9E041300262373860084AD71 /* ReminderListFormVM.swift in Sources */,
				9E7A9C052630350A009E6363 /* DeleteGroupActionSheet.swift in Sources */,
				9EAB87E2261DFDA0005CF077 /* ReminderFormView.swift in Sources */,
				9EF2D27A262EF96F00BBB846 /* ReminderListListVM.swift in Sources */,
				9EF79DDC261657FA00D70C5A /* AppleRemindersCopy.xcdatamodeld in Sources */,
				9EF79DD2261657F800D70C5A /* HomeView.swift in Sources */,
				9E46E3242628961B004E7C2D /* ReminderListEntity+CoreDataProperties.swift in Sources */,
				9EF79DEE261661CC00D70C5A /* ReminderCardView.swift in Sources */,
				9E0A7486261797B800CF9C84 /* ReminderColor.swift in Sources */,
				9EF2D27D262F0E5300BBB846 /* CoreDataSample.swift in Sources */,
				9E0A7477261790F100CF9C84 /* MainTextFieldStyle.swift in Sources */,
				9EF79DD0261657F800D70C5A /* AppleRemindersCopyApp.swift in Sources */,
				9ECB1097261F31C1000A7715 /* BottomBar.swift in Sources */,
				9EE73AC5262A0FF10081268D /* ReminderListRowLink.swift in Sources */,
				9E648593262AD917002C0FAE /* ReminderCardModel.swift in Sources */,
				9E8ADF7D262B99C400578B5A /* ReminderFormViewComponents.swift in Sources */,
				9E8ADF80262B9B4300578B5A /* ReminderFormDefaultView.swift in Sources */,
				9EF301BB2624927D00001B51 /* ViewControllerResolver.swift in Sources */,
				9ED75AB02618624200F5B0BF /* UserDefaults+Extensions.swift in Sources */,
				9EAB87F0261E4B10005CF077 /* ReminderCardList.swift in Sources */,
				9ED758AB2621B02100E6FFBB /* ReminderFormComponents.swift in Sources */,
				9EF301B82624925400001B51 /* SearchBar.swift in Sources */,
				9ECB10AF261FA258000A7715 /* GroupInfoInclude.swift in Sources */,
				9E8ADF76262B977D00578B5A /* ReminderFormListPicker.swift in Sources */,
				9E0A748A261797D100CF9C84 /* ReminderIcon.swift in Sources */,
				9ECB10A0261F5F70000A7715 /* SheetController.swift in Sources */,
				9E4D94E72618C290004202B5 /* ReminderCardsVM.swift in Sources */,
				9E46E32C2628BBE0004E7C2D /* RemindersView.swift in Sources */,
				9E4DC3E42620D49B005DA3A1 /* ReminderFormVM.swift in Sources */,
				9E46E3232628961B004E7C2D /* ReminderListEntity+CoreDataClass.swift in Sources */,
				9E2CABAE26233FC10058A313 /* NavigationController.swift in Sources */,
				9E3047CD26170DD600E795D2 /* ReminderCard.swift in Sources */,
				9E13A8332621F2A9009749E7 /* Calendar+Extensions.swift in Sources */,
				9EF79DE8261659A600D70C5A /* View+Extentions.swift in Sources */,
				9E861774261A346E004C0E1F /* ReminderListRow.swift in Sources */,
				9ECB108F261F1F60000A7715 /* ReminderRow.swift in Sources */,
				9E8ADF7A262B994100578B5A /* ReminderFormEditingView.swift in Sources */,
				9EBD27D1261CCF1E00BC0E37 /* ReminderGroupFormVM.swift in Sources */,
				9E88A6BD261CFC49006F502B /* CoreData+Extensions.swift in Sources */,
				9ECB109C261F5627000A7715 /* NewReminderButton.swift in Sources */,
				9E3B5DC2262E3353003D7706 /* ReminderGroupList.swift in Sources */,
				9EF79DEB26165DAC00D70C5A /* Color+Extensions.swift in Sources */,
				9ECB10A4261F825F000A7715 /* NavigationBar.swift in Sources */,
				9E0A74922617B92B00CF9C84 /* Image+Extensions.swift in Sources */,
				9E3B5DBE262E2CBE003D7706 /* CoreDataManager.swift in Sources */,
				9E0F9A70261BA39E00AA1018 /* SecondaryTextFieldStyle.swift in Sources */,
				9E837ADD262C39320098A435 /* ReminderRowVM.swift in Sources */,
				9EAB87EC261E1EE8005CF077 /* Repetition.swift in Sources */,
				9ECB1092261F1FB6000A7715 /* CheckMarkButtonStyle.swift in Sources */,
				9E861777261A373B004C0E1F /* ReminderListListView.swift in Sources */,
				9E0D6A97262F292000ECA65A /* ReminderEntity+CoreDataClass.swift in Sources */,
				9E86176A261A023C004C0E1F /* ReminderListFormView.swift in Sources */,
				9E4DC3EB2620ED69005DA3A1 /* ReminderFormLabel.swift in Sources */,
				9EB95D822623A1C000DCDF4A /* RemindersScheduled.swift in Sources */,
				9E463A7A261AE2A000AE0705 /* AdaptiveVGrid.swift in Sources */,
				9E46E30E26288F83004E7C2D /* NotificationManager.swift in Sources */,
				9E0A747A2617914D00CF9C84 /* ReminderCardGroupView.swift in Sources */,
				9E49BE17261BA451002E53F6 /* ImageInCircle.swift in Sources */,
				9EF7C66C2630CE0E0030E4EF /* DiscardChangesAlert.swift in Sources */,
				9EAB87E9261E1ED4005CF077 /* Priority.swift in Sources */,
				9EF301BF2624C4F800001B51 /* DisclosureGroupLabel.swift in Sources */,
				9EBD27D4261CCF4300BC0E37 /* ReminderGroupFormView.swift in Sources */,
				9EAB87F3261E4E14005CF077 /* DateManager.swift in Sources */,
				9E49BE1D261BAB44002E53F6 /* ReadingViewSize.swift in Sources */,
				9E0D6A98262F292000ECA65A /* ReminderEntity+CoreDataProperties.swift in Sources */,
				9ECB10A7261F8409000A7715 /* SmallViewComponents.swift in Sources */,
				9EE73AC0262A0E980081268D /* ReminderList.swift in Sources */,
				9E4DC3E72620DE79005DA3A1 /* ReminderFormDateSection.swift in Sources */,
				9EB95D862623A34B00DCDF4A /* RemindersAll.swift in Sources */,
				9E4DC3E12620D3AF005DA3A1 /* ReminderFormDetailView.swift in Sources */,
				9EF7C6632630B8160030E4EF /* DeleteReminderListAlert.swift in Sources */,
				9ED758A72621A6D200E6FFBB /* ReminderFormRepeatSelection.swift in Sources */,
				9E59C1BB2625866800D2BE5F /* ReminderListList.swift in Sources */,
			);
			runOnlyForDeploymentPostprocessing = 0;
		};
/* End PBXSourcesBuildPhase section */

/* Begin XCBuildConfiguration section */
		9EF79DDE261657FA00D70C5A /* Debug */ = {
			isa = XCBuildConfiguration;
			buildSettings = {
				ALWAYS_SEARCH_USER_PATHS = NO;
				CLANG_ANALYZER_NONNULL = YES;
				CLANG_ANALYZER_NUMBER_OBJECT_CONVERSION = YES_AGGRESSIVE;
				CLANG_CXX_LANGUAGE_STANDARD = "gnu++14";
				CLANG_CXX_LIBRARY = "libc++";
				CLANG_ENABLE_MODULES = YES;
				CLANG_ENABLE_OBJC_ARC = YES;
				CLANG_ENABLE_OBJC_WEAK = YES;
				CLANG_WARN_BLOCK_CAPTURE_AUTORELEASING = YES;
				CLANG_WARN_BOOL_CONVERSION = YES;
				CLANG_WARN_COMMA = YES;
				CLANG_WARN_CONSTANT_CONVERSION = YES;
				CLANG_WARN_DEPRECATED_OBJC_IMPLEMENTATIONS = YES;
				CLANG_WARN_DIRECT_OBJC_ISA_USAGE = YES_ERROR;
				CLANG_WARN_DOCUMENTATION_COMMENTS = YES;
				CLANG_WARN_EMPTY_BODY = YES;
				CLANG_WARN_ENUM_CONVERSION = YES;
				CLANG_WARN_INFINITE_RECURSION = YES;
				CLANG_WARN_INT_CONVERSION = YES;
				CLANG_WARN_NON_LITERAL_NULL_CONVERSION = YES;
				CLANG_WARN_OBJC_IMPLICIT_RETAIN_SELF = YES;
				CLANG_WARN_OBJC_LITERAL_CONVERSION = YES;
				CLANG_WARN_OBJC_ROOT_CLASS = YES_ERROR;
				CLANG_WARN_QUOTED_INCLUDE_IN_FRAMEWORK_HEADER = YES;
				CLANG_WARN_RANGE_LOOP_ANALYSIS = YES;
				CLANG_WARN_STRICT_PROTOTYPES = YES;
				CLANG_WARN_SUSPICIOUS_MOVE = YES;
				CLANG_WARN_UNGUARDED_AVAILABILITY = YES_AGGRESSIVE;
				CLANG_WARN_UNREACHABLE_CODE = YES;
				CLANG_WARN__DUPLICATE_METHOD_MATCH = YES;
				COPY_PHASE_STRIP = NO;
				DEBUG_INFORMATION_FORMAT = dwarf;
				ENABLE_STRICT_OBJC_MSGSEND = YES;
				ENABLE_TESTABILITY = YES;
				GCC_C_LANGUAGE_STANDARD = gnu11;
				GCC_DYNAMIC_NO_PIC = NO;
				GCC_NO_COMMON_BLOCKS = YES;
				GCC_OPTIMIZATION_LEVEL = 0;
				GCC_PREPROCESSOR_DEFINITIONS = (
					"DEBUG=1",
					"$(inherited)",
				);
				GCC_WARN_64_TO_32_BIT_CONVERSION = YES;
				GCC_WARN_ABOUT_RETURN_TYPE = YES_ERROR;
				GCC_WARN_UNDECLARED_SELECTOR = YES;
				GCC_WARN_UNINITIALIZED_AUTOS = YES_AGGRESSIVE;
				GCC_WARN_UNUSED_FUNCTION = YES;
				GCC_WARN_UNUSED_VARIABLE = YES;
				IPHONEOS_DEPLOYMENT_TARGET = 14.4;
				MTL_ENABLE_DEBUG_INFO = INCLUDE_SOURCE;
				MTL_FAST_MATH = YES;
				ONLY_ACTIVE_ARCH = YES;
				SDKROOT = iphoneos;
				SWIFT_ACTIVE_COMPILATION_CONDITIONS = DEBUG;
				SWIFT_OPTIMIZATION_LEVEL = "-Onone";
			};
			name = Debug;
		};
		9EF79DDF261657FA00D70C5A /* Release */ = {
			isa = XCBuildConfiguration;
			buildSettings = {
				ALWAYS_SEARCH_USER_PATHS = NO;
				CLANG_ANALYZER_NONNULL = YES;
				CLANG_ANALYZER_NUMBER_OBJECT_CONVERSION = YES_AGGRESSIVE;
				CLANG_CXX_LANGUAGE_STANDARD = "gnu++14";
				CLANG_CXX_LIBRARY = "libc++";
				CLANG_ENABLE_MODULES = YES;
				CLANG_ENABLE_OBJC_ARC = YES;
				CLANG_ENABLE_OBJC_WEAK = YES;
				CLANG_WARN_BLOCK_CAPTURE_AUTORELEASING = YES;
				CLANG_WARN_BOOL_CONVERSION = YES;
				CLANG_WARN_COMMA = YES;
				CLANG_WARN_CONSTANT_CONVERSION = YES;
				CLANG_WARN_DEPRECATED_OBJC_IMPLEMENTATIONS = YES;
				CLANG_WARN_DIRECT_OBJC_ISA_USAGE = YES_ERROR;
				CLANG_WARN_DOCUMENTATION_COMMENTS = YES;
				CLANG_WARN_EMPTY_BODY = YES;
				CLANG_WARN_ENUM_CONVERSION = YES;
				CLANG_WARN_INFINITE_RECURSION = YES;
				CLANG_WARN_INT_CONVERSION = YES;
				CLANG_WARN_NON_LITERAL_NULL_CONVERSION = YES;
				CLANG_WARN_OBJC_IMPLICIT_RETAIN_SELF = YES;
				CLANG_WARN_OBJC_LITERAL_CONVERSION = YES;
				CLANG_WARN_OBJC_ROOT_CLASS = YES_ERROR;
				CLANG_WARN_QUOTED_INCLUDE_IN_FRAMEWORK_HEADER = YES;
				CLANG_WARN_RANGE_LOOP_ANALYSIS = YES;
				CLANG_WARN_STRICT_PROTOTYPES = YES;
				CLANG_WARN_SUSPICIOUS_MOVE = YES;
				CLANG_WARN_UNGUARDED_AVAILABILITY = YES_AGGRESSIVE;
				CLANG_WARN_UNREACHABLE_CODE = YES;
				CLANG_WARN__DUPLICATE_METHOD_MATCH = YES;
				COPY_PHASE_STRIP = NO;
				DEBUG_INFORMATION_FORMAT = "dwarf-with-dsym";
				ENABLE_NS_ASSERTIONS = NO;
				ENABLE_STRICT_OBJC_MSGSEND = YES;
				GCC_C_LANGUAGE_STANDARD = gnu11;
				GCC_NO_COMMON_BLOCKS = YES;
				GCC_WARN_64_TO_32_BIT_CONVERSION = YES;
				GCC_WARN_ABOUT_RETURN_TYPE = YES_ERROR;
				GCC_WARN_UNDECLARED_SELECTOR = YES;
				GCC_WARN_UNINITIALIZED_AUTOS = YES_AGGRESSIVE;
				GCC_WARN_UNUSED_FUNCTION = YES;
				GCC_WARN_UNUSED_VARIABLE = YES;
				IPHONEOS_DEPLOYMENT_TARGET = 14.4;
				MTL_ENABLE_DEBUG_INFO = NO;
				MTL_FAST_MATH = YES;
				SDKROOT = iphoneos;
				SWIFT_COMPILATION_MODE = wholemodule;
				SWIFT_OPTIMIZATION_LEVEL = "-O";
				VALIDATE_PRODUCT = YES;
			};
			name = Release;
		};
		9EF79DE1261657FA00D70C5A /* Debug */ = {
			isa = XCBuildConfiguration;
			buildSettings = {
				ASSETCATALOG_COMPILER_APPICON_NAME = AppIcon;
				ASSETCATALOG_COMPILER_GLOBAL_ACCENT_COLOR_NAME = AccentColor;
				CODE_SIGN_STYLE = Automatic;
				DEVELOPMENT_ASSET_PATHS = "\"AppleRemindersCopy/Preview Content\"";
				DEVELOPMENT_TEAM = 7TDCFNV5T6;
				ENABLE_PREVIEWS = YES;
				INFOPLIST_FILE = AppleRemindersCopy/Info.plist;
				IPHONEOS_DEPLOYMENT_TARGET = 14.0;
				LD_RUNPATH_SEARCH_PATHS = (
					"$(inherited)",
					"@executable_path/Frameworks",
				);
				PRODUCT_BUNDLE_IDENTIFIER = sebastianstaszczyk.AppleRemindersCopy;
				PRODUCT_NAME = "$(TARGET_NAME)";
				SWIFT_VERSION = 5.0;
				TARGETED_DEVICE_FAMILY = "1,2";
			};
			name = Debug;
		};
		9EF79DE2261657FA00D70C5A /* Release */ = {
			isa = XCBuildConfiguration;
			buildSettings = {
				ASSETCATALOG_COMPILER_APPICON_NAME = AppIcon;
				ASSETCATALOG_COMPILER_GLOBAL_ACCENT_COLOR_NAME = AccentColor;
				CODE_SIGN_STYLE = Automatic;
				DEVELOPMENT_ASSET_PATHS = "\"AppleRemindersCopy/Preview Content\"";
				DEVELOPMENT_TEAM = 7TDCFNV5T6;
				ENABLE_PREVIEWS = YES;
				INFOPLIST_FILE = AppleRemindersCopy/Info.plist;
				IPHONEOS_DEPLOYMENT_TARGET = 14.0;
				LD_RUNPATH_SEARCH_PATHS = (
					"$(inherited)",
					"@executable_path/Frameworks",
				);
				PRODUCT_BUNDLE_IDENTIFIER = sebastianstaszczyk.AppleRemindersCopy;
				PRODUCT_NAME = "$(TARGET_NAME)";
				SWIFT_VERSION = 5.0;
				TARGETED_DEVICE_FAMILY = "1,2";
			};
			name = Release;
		};
/* End XCBuildConfiguration section */

/* Begin XCConfigurationList section */
		9EF79DC7261657F700D70C5A /* Build configuration list for PBXProject "AppleRemindersCopy" */ = {
			isa = XCConfigurationList;
			buildConfigurations = (
				9EF79DDE261657FA00D70C5A /* Debug */,
				9EF79DDF261657FA00D70C5A /* Release */,
			);
			defaultConfigurationIsVisible = 0;
			defaultConfigurationName = Release;
		};
		9EF79DE0261657FA00D70C5A /* Build configuration list for PBXNativeTarget "AppleRemindersCopy" */ = {
			isa = XCConfigurationList;
			buildConfigurations = (
				9EF79DE1261657FA00D70C5A /* Debug */,
				9EF79DE2261657FA00D70C5A /* Release */,
			);
			defaultConfigurationIsVisible = 0;
			defaultConfigurationName = Release;
		};
/* End XCConfigurationList section */

/* Begin XCVersionGroup section */
		9EF79DDA261657FA00D70C5A /* AppleRemindersCopy.xcdatamodeld */ = {
			isa = XCVersionGroup;
			children = (
				9EF79DDB261657FA00D70C5A /* AppleRemindersCopy.xcdatamodel */,
			);
			currentVersion = 9EF79DDB261657FA00D70C5A /* AppleRemindersCopy.xcdatamodel */;
			path = AppleRemindersCopy.xcdatamodeld;
			sourceTree = "<group>";
			versionGroupType = wrapper.xcdatamodel;
		};
/* End XCVersionGroup section */
	};
	rootObject = 9EF79DC4261657F700D70C5A /* Project object */;
}
